
Microsoft Visual Studio Solution File, Format Version 12.00
# Visual Studio Version 17
VisualStudioVersion = 17.11.35312.102
MinimumVisualStudioVersion = 10.0.40219.1
Project("{FAE04EC0-301F-11D3-BF4B-00C04F79EFBC}") = "PARKING 2 - KOMPLETTERING", "PARKING 2 - KOMPLETTERING\PARKING 2 - KOMPLETTERING.csproj", "{753210D4-00B3-448C-B6E3-E502B77FCA96}"
EndProject
Global
	GlobalSection(SolutionConfigurationPlatforms) = preSolution
		Debug|Any CPU = Debug|Any CPU
		Release|Any CPU = Release|Any CPU
	EndGlobalSection
	GlobalSection(ProjectConfigurationPlatforms) = postSolution
		{753210D4-00B3-448C-B6E3-E502B77FCA96}.Debug|Any CPU.ActiveCfg = Debug|Any CPU
		{753210D4-00B3-448C-B6E3-E502B77FCA96}.Debug|Any CPU.Build.0 = Debug|Any CPU
		{753210D4-00B3-448C-B6E3-E502B77FCA96}.Release|Any CPU.ActiveCfg = Release|Any CPU
		{753210D4-00B3-448C-B6E3-E502B77FCA96}.Release|Any CPU.Build.0 = Release|Any CPU
	EndGlobalSection
	GlobalSection(SolutionProperties) = preSolution
		HideSolutionNode = FALSE
	EndGlobalSection
	GlobalSection(ExtensibilityGlobals) = postSolution
		SolutionGuid = {BC89E534-BE83-43FE-82C2-12C1E7394F88}
	EndGlobalSection
EndGlobal
